// !$*UTF8*$!
{
	archiveVersion = 1;
	classes = {
	};
	objectVersion = 54;
	objects = {

/* Begin PBXBuildFile section */
		00E356F31AD99517003FC87E /* DonationAppTests.m in Sources */ = {isa = PBXBuildFile; fileRef = 00E356F21AD99517003FC87E /* DonationAppTests.m */; };
		0433E5DE9BE54F6B8FCF451B /* Inter_18pt-Thin.ttf in Resources */ = {isa = PBXBuildFile; fileRef = 11749AA26DC146A990B326D9 /* Inter_18pt-Thin.ttf */; };
		09E75B295B284587A9FDE1A6 /* Inter_18pt-SemiBold.ttf in Resources */ = {isa = PBXBuildFile; fileRef = 58B423EA57C844C081005BAF /* Inter_18pt-SemiBold.ttf */; };
		0C8355D29C2947C2937FF4E8 /* Inter_18pt-Regular.ttf in Resources */ = {isa = PBXBuildFile; fileRef = D51CFB28C4BB4F3EAC053E1F /* Inter_18pt-Regular.ttf */; };
		0D88C31549044FB984886846 /* Inter_28pt-BoldItalic.ttf in Resources */ = {isa = PBXBuildFile; fileRef = E2B1CBDA0255444AA17771EF /* Inter_28pt-BoldItalic.ttf */; };
		10BAD69BA7CD45F9A7561B75 /* Inter_28pt-SemiBoldItalic.ttf in Resources */ = {isa = PBXBuildFile; fileRef = F3CAF71547AA46F7A64EB467 /* Inter_28pt-SemiBoldItalic.ttf */; };
		13B07FBC1A68108700A75B9A /* AppDelegate.mm in Sources */ = {isa = PBXBuildFile; fileRef = 13B07FB01A68108700A75B9A /* AppDelegate.mm */; };
		13B07FBF1A68108700A75B9A /* Images.xcassets in Resources */ = {isa = PBXBuildFile; fileRef = 13B07FB51A68108700A75B9A /* Images.xcassets */; };
		13B07FC11A68108700A75B9A /* main.m in Sources */ = {isa = PBXBuildFile; fileRef = 13B07FB71A68108700A75B9A /* main.m */; };
		13B5262C356D4FB6AE858A64 /* Inter_28pt-ExtraLightItalic.ttf in Resources */ = {isa = PBXBuildFile; fileRef = CB94932ACE1A48038423A8BE /* Inter_28pt-ExtraLightItalic.ttf */; };
		184AE0F1D5491048B65A532B /* Pods_DonationApp.framework in Frameworks */ = {isa = PBXBuildFile; fileRef = E10EFCE4E284A5E8D40296B1 /* Pods_DonationApp.framework */; };
		1E2FCC7A2E1A7015FC5AA9FA /* Pods_DonationAppTests.framework in Frameworks */ = {isa = PBXBuildFile; fileRef = 4590EA5E4EEBFB7BB8B6BD93 /* Pods_DonationAppTests.framework */; };
		201725660111015AA892C6ED /* PrivacyInfo.xcprivacy in Resources */ = {isa = PBXBuildFile; fileRef = F24574A0CDB64B34A234F5A9 /* PrivacyInfo.xcprivacy */; };
		218885D366684F01ACFC9938 /* Inter_28pt-MediumItalic.ttf in Resources */ = {isa = PBXBuildFile; fileRef = 4C87905E531549E1B1990FFA /* Inter_28pt-MediumItalic.ttf */; };
		23F1BC5FEE3D4AD29DD791CB /* Inter_28pt-ExtraBold.ttf in Resources */ = {isa = PBXBuildFile; fileRef = CDE7BE950A764986B8C0AF90 /* Inter_28pt-ExtraBold.ttf */; };
		2675068E9D3741FBB44F8CF5 /* Inter_18pt-ExtraLightItalic.ttf in Resources */ = {isa = PBXBuildFile; fileRef = 74DBA213B3E744619ED7D523 /* Inter_18pt-ExtraLightItalic.ttf */; };
		2D6453A538DB452E990196E3 /* Inter_24pt-BoldItalic.ttf in Resources */ = {isa = PBXBuildFile; fileRef = 5AFDFF89CAB14E409852A299 /* Inter_24pt-BoldItalic.ttf */; };
		2E231F26FAB94C80984D46BF /* Inter_24pt-BlackItalic.ttf in Resources */ = {isa = PBXBuildFile; fileRef = 73AAAA072F1045079612CB4F /* Inter_24pt-BlackItalic.ttf */; };
		326CFB29167E40DE84B83CFF /* Inter_24pt-ExtraBold.ttf in Resources */ = {isa = PBXBuildFile; fileRef = 37930672E54F4AC088B591C3 /* Inter_24pt-ExtraBold.ttf */; };
		38BD66C0B76649F3A3EFD7EF /* Inter_24pt-Thin.ttf in Resources */ = {isa = PBXBuildFile; fileRef = DC969757F5BC4CBC91F593B7 /* Inter_24pt-Thin.ttf */; };
		3BD305DB5C5545F5BDE6E391 /* Inter_28pt-LightItalic.ttf in Resources */ = {isa = PBXBuildFile; fileRef = 4ED0838E11114C9F8C4D2726 /* Inter_28pt-LightItalic.ttf */; };
		3C1C1DFAF4074DD6895603BD /* Inter_28pt-Black.ttf in Resources */ = {isa = PBXBuildFile; fileRef = 82DC2098979542EFAB62B508 /* Inter_28pt-Black.ttf */; };
		3D0F79EA47444EECB063B32B /* Inter_24pt-Medium.ttf in Resources */ = {isa = PBXBuildFile; fileRef = B21E7E3A86EA4ED2A898F534 /* Inter_24pt-Medium.ttf */; };
		3D59A6FC4C41412D9EDA3959 /* Inter_28pt-ThinItalic.ttf in Resources */ = {isa = PBXBuildFile; fileRef = DCB7A3BC80AC4E30820F1255 /* Inter_28pt-ThinItalic.ttf */; };
		3DEBED1DF7714DE8AB4A1333 /* Inter_24pt-Black.ttf in Resources */ = {isa = PBXBuildFile; fileRef = 55CCA58D523848C5A2134431 /* Inter_24pt-Black.ttf */; };
		41519F16689C46238F5ADE14 /* Inter_18pt-ExtraLight.ttf in Resources */ = {isa = PBXBuildFile; fileRef = A6EF87B9AD034315BE80D6EC /* Inter_18pt-ExtraLight.ttf */; };
		41A3F98AE61144B08DAF484D /* Inter_28pt-Light.ttf in Resources */ = {isa = PBXBuildFile; fileRef = 57C4264ADA6E46078E494135 /* Inter_28pt-Light.ttf */; };
		440961955E43484FA2669F2A /* Inter_28pt-Bold.ttf in Resources */ = {isa = PBXBuildFile; fileRef = 5081B79C609C44A7BB85C14B /* Inter_28pt-Bold.ttf */; };
		477E5C67CAC34E84AE1B777A /* Inter_24pt-Bold.ttf in Resources */ = {isa = PBXBuildFile; fileRef = 687D79B06F4C459DA5FDEFC3 /* Inter_24pt-Bold.ttf */; };
		50CCBE376083457AA9411763 /* Inter_24pt-LightItalic.ttf in Resources */ = {isa = PBXBuildFile; fileRef = 9EC4BFACAEE94685AD9F61EE /* Inter_24pt-LightItalic.ttf */; };
		51900C1FADE14AA1A39DD768 /* Inter_28pt-Medium.ttf in Resources */ = {isa = PBXBuildFile; fileRef = 0CFD3691119C4695B870D263 /* Inter_28pt-Medium.ttf */; };
		57E105042A0040EDAD87E5AA /* Inter_18pt-Bold.ttf in Resources */ = {isa = PBXBuildFile; fileRef = E018B29D8FB74E65BDA277CC /* Inter_18pt-Bold.ttf */; };
		5D21B16AE4DF428983975EBB /* Inter_18pt-LightItalic.ttf in Resources */ = {isa = PBXBuildFile; fileRef = F632E549BF3345B99D6E1278 /* Inter_18pt-LightItalic.ttf */; };
		5EA4798314A742EBBEDD40F6 /* Inter_24pt-Italic.ttf in Resources */ = {isa = PBXBuildFile; fileRef = 749DCD352266464984B8F452 /* Inter_24pt-Italic.ttf */; };
		5EFCCCAEEB574A60A9531078 /* Inter_28pt-SemiBold.ttf in Resources */ = {isa = PBXBuildFile; fileRef = 939E180291BB469C82EC6F7A /* Inter_28pt-SemiBold.ttf */; };
		6430B8B90AD3479D95D488F2 /* Inter_24pt-ThinItalic.ttf in Resources */ = {isa = PBXBuildFile; fileRef = 1B95D9165C434C7FB7723F19 /* Inter_24pt-ThinItalic.ttf */; };
		7461429E80EF4C48A57EF17A /* Inter_18pt-Italic.ttf in Resources */ = {isa = PBXBuildFile; fileRef = 2E1E325F7D444D73A47FA976 /* Inter_18pt-Italic.ttf */; };
		756BAC552CC210B10005E385 /* GoogleService-Info.plist in Resources */ = {isa = PBXBuildFile; fileRef = 756BAC542CC210B10005E385 /* GoogleService-Info.plist */; };
		76445D8146614A939C8B037F /* Inter_18pt-Black.ttf in Resources */ = {isa = PBXBuildFile; fileRef = C6AB724FD97E408AB8227288 /* Inter_18pt-Black.ttf */; };
		78B30ADB427A43D6A7F616CC /* Inter_18pt-BoldItalic.ttf in Resources */ = {isa = PBXBuildFile; fileRef = A8E8CDC8D111403BBD59A71E /* Inter_18pt-BoldItalic.ttf */; };
		7B7B222B3DCC42038D530C47 /* Inter_18pt-MediumItalic.ttf in Resources */ = {isa = PBXBuildFile; fileRef = A8C80DE3982540B7B67C166D /* Inter_18pt-MediumItalic.ttf */; };
		81AB9BB82411601600AC10FF /* LaunchScreen.storyboard in Resources */ = {isa = PBXBuildFile; fileRef = 81AB9BB72411601600AC10FF /* LaunchScreen.storyboard */; };
		8428948C65B34D509FAA3938 /* Inter_24pt-SemiBold.ttf in Resources */ = {isa = PBXBuildFile; fileRef = 6B6E0C42FD534355A5CD8837 /* Inter_24pt-SemiBold.ttf */; };
		874478A9D06F4199B31FEA0D /* Inter_24pt-ExtraLightItalic.ttf in Resources */ = {isa = PBXBuildFile; fileRef = 2628B67F12F14DD2B8DC86CA /* Inter_24pt-ExtraLightItalic.ttf */; };
		8C7B5EA76F0B4FBDBB475B16 /* Inter_24pt-ExtraBoldItalic.ttf in Resources */ = {isa = PBXBuildFile; fileRef = 95561FF4F267484B8F9F6DB2 /* Inter_24pt-ExtraBoldItalic.ttf */; };
		8DDAE9B22E3E4D7784A08EA3 /* Inter_28pt-Regular.ttf in Resources */ = {isa = PBXBuildFile; fileRef = DAC85B1BFFE54C6AB25597C1 /* Inter_28pt-Regular.ttf */; };
		96F6A79E9DD246D88AFE0880 /* Inter_18pt-ExtraBold.ttf in Resources */ = {isa = PBXBuildFile; fileRef = 224AC72FFAC24A72828E47B5 /* Inter_18pt-ExtraBold.ttf */; };
		9A8445D584CF4C619411A89A /* Inter_18pt-SemiBoldItalic.ttf in Resources */ = {isa = PBXBuildFile; fileRef = 8268FEF86ADA4CC5BDCB56D1 /* Inter_18pt-SemiBoldItalic.ttf */; };
		9AC7EF5590BD4C61A51A8EA1 /* Inter_28pt-ExtraLight.ttf in Resources */ = {isa = PBXBuildFile; fileRef = A53A9B58A7124F79BDAC1BD4 /* Inter_28pt-ExtraLight.ttf */; };
		AEC579AB8E2045849917C743 /* Inter_18pt-Medium.ttf in Resources */ = {isa = PBXBuildFile; fileRef = 2BB94EB103F649D39B77F4DC /* Inter_18pt-Medium.ttf */; };
		B95F30EB8AF3482990F50B73 /* Inter_18pt-Light.ttf in Resources */ = {isa = PBXBuildFile; fileRef = 13294F60012246E28D89A30C /* Inter_18pt-Light.ttf */; };
		BB72EC4A88D648568FFBCD7A /* Inter_28pt-Italic.ttf in Resources */ = {isa = PBXBuildFile; fileRef = 836B749096804D378E069490 /* Inter_28pt-Italic.ttf */; };
		CB0A4B8F17BA41038E09E0A0 /* Inter_18pt-BlackItalic.ttf in Resources */ = {isa = PBXBuildFile; fileRef = C4B3D5AB8697441FA06B76D1 /* Inter_18pt-BlackItalic.ttf */; };
		CD5CE0F73F8B4A76A7327857 /* Inter_24pt-MediumItalic.ttf in Resources */ = {isa = PBXBuildFile; fileRef = 135305DF18E4421CB9D60C7A /* Inter_24pt-MediumItalic.ttf */; };
		D9733142003249B3AD8CF7BF /* Inter_28pt-Thin.ttf in Resources */ = {isa = PBXBuildFile; fileRef = 350680306A874080ABE2EAA5 /* Inter_28pt-Thin.ttf */; };
		DE3986FB456442F59EFE9CEF /* Inter_24pt-Regular.ttf in Resources */ = {isa = PBXBuildFile; fileRef = 5E3F385B2FF64500A8BC7706 /* Inter_24pt-Regular.ttf */; };
		E0F28424E87D4D72A27A190A /* Inter_28pt-BlackItalic.ttf in Resources */ = {isa = PBXBuildFile; fileRef = AAFE330F001144CFBA92B3FC /* Inter_28pt-BlackItalic.ttf */; };
		E63E851AAED7455CB0F0C5A8 /* Inter_24pt-ExtraLight.ttf in Resources */ = {isa = PBXBuildFile; fileRef = F92BD18436284C9581F32B66 /* Inter_24pt-ExtraLight.ttf */; };
		E8E93DBDDED84EDD947CF7F8 /* Inter_28pt-ExtraBoldItalic.ttf in Resources */ = {isa = PBXBuildFile; fileRef = 53F676DE034547B990E74118 /* Inter_28pt-ExtraBoldItalic.ttf */; };
		EE0B86FD984D43E484268964 /* Inter_24pt-SemiBoldItalic.ttf in Resources */ = {isa = PBXBuildFile; fileRef = 7B9EFE3D0C66482E9A5E2266 /* Inter_24pt-SemiBoldItalic.ttf */; };
		F6503033865E4164B4717FFC /* Inter_24pt-Light.ttf in Resources */ = {isa = PBXBuildFile; fileRef = 5445F836931E4544844313E6 /* Inter_24pt-Light.ttf */; };
		FA6238ED24E14B069C78462C /* Inter_18pt-ExtraBoldItalic.ttf in Resources */ = {isa = PBXBuildFile; fileRef = EA9880169C574B579D1BC04A /* Inter_18pt-ExtraBoldItalic.ttf */; };
		FFA2F838AA6D40A189939747 /* Inter_18pt-ThinItalic.ttf in Resources */ = {isa = PBXBuildFile; fileRef = 6F2ED26B5BEA48D6BBEF1841 /* Inter_18pt-ThinItalic.ttf */; };
/* End PBXBuildFile section */

/* Begin PBXContainerItemProxy section */
		00E356F41AD99517003FC87E /* PBXContainerItemProxy */ = {
			isa = PBXContainerItemProxy;
			containerPortal = 83CBB9F71A601CBA00E9B192 /* Project object */;
			proxyType = 1;
			remoteGlobalIDString = 13B07F861A680F5B00A75B9A;
			remoteInfo = DonationApp;
		};
/* End PBXContainerItemProxy section */

/* Begin PBXFileReference section */
		00E356EE1AD99517003FC87E /* DonationAppTests.xctest */ = {isa = PBXFileReference; explicitFileType = wrapper.cfbundle; includeInIndex = 0; path = DonationAppTests.xctest; sourceTree = BUILT_PRODUCTS_DIR; };
		00E356F11AD99517003FC87E /* Info.plist */ = {isa = PBXFileReference; lastKnownFileType = text.plist.xml; path = Info.plist; sourceTree = "<group>"; };
		00E356F21AD99517003FC87E /* DonationAppTests.m */ = {isa = PBXFileReference; lastKnownFileType = sourcecode.c.objc; path = DonationAppTests.m; sourceTree = "<group>"; };
		0CFD3691119C4695B870D263 /* Inter_28pt-Medium.ttf */ = {isa = PBXFileReference; explicitFileType = undefined; fileEncoding = 9; includeInIndex = 0; lastKnownFileType = unknown; name = "Inter_28pt-Medium.ttf"; path = "../assets/fonts/Inter_28pt-Medium.ttf"; sourceTree = "<group>"; };
		11749AA26DC146A990B326D9 /* Inter_18pt-Thin.ttf */ = {isa = PBXFileReference; explicitFileType = undefined; fileEncoding = 9; includeInIndex = 0; lastKnownFileType = unknown; name = "Inter_18pt-Thin.ttf"; path = "../assets/fonts/Inter_18pt-Thin.ttf"; sourceTree = "<group>"; };
		122B9D24E9F9BC64A3DF4457 /* Pods-DonationApp.debug.xcconfig */ = {isa = PBXFileReference; includeInIndex = 1; lastKnownFileType = text.xcconfig; name = "Pods-DonationApp.debug.xcconfig"; path = "Target Support Files/Pods-DonationApp/Pods-DonationApp.debug.xcconfig"; sourceTree = "<group>"; };
		13294F60012246E28D89A30C /* Inter_18pt-Light.ttf */ = {isa = PBXFileReference; explicitFileType = undefined; fileEncoding = 9; includeInIndex = 0; lastKnownFileType = unknown; name = "Inter_18pt-Light.ttf"; path = "../assets/fonts/Inter_18pt-Light.ttf"; sourceTree = "<group>"; };
		135305DF18E4421CB9D60C7A /* Inter_24pt-MediumItalic.ttf */ = {isa = PBXFileReference; explicitFileType = undefined; fileEncoding = 9; includeInIndex = 0; lastKnownFileType = unknown; name = "Inter_24pt-MediumItalic.ttf"; path = "../assets/fonts/Inter_24pt-MediumItalic.ttf"; sourceTree = "<group>"; };
		13B07F961A680F5B00A75B9A /* DonationApp.app */ = {isa = PBXFileReference; explicitFileType = wrapper.application; includeInIndex = 0; path = DonationApp.app; sourceTree = BUILT_PRODUCTS_DIR; };
		13B07FAF1A68108700A75B9A /* AppDelegate.h */ = {isa = PBXFileReference; fileEncoding = 4; lastKnownFileType = sourcecode.c.h; name = AppDelegate.h; path = DonationApp/AppDelegate.h; sourceTree = "<group>"; };
		13B07FB01A68108700A75B9A /* AppDelegate.mm */ = {isa = PBXFileReference; fileEncoding = 4; lastKnownFileType = sourcecode.cpp.objcpp; name = AppDelegate.mm; path = DonationApp/AppDelegate.mm; sourceTree = "<group>"; };
		13B07FB51A68108700A75B9A /* Images.xcassets */ = {isa = PBXFileReference; lastKnownFileType = folder.assetcatalog; name = Images.xcassets; path = DonationApp/Images.xcassets; sourceTree = "<group>"; };
		13B07FB61A68108700A75B9A /* Info.plist */ = {isa = PBXFileReference; fileEncoding = 4; lastKnownFileType = text.plist.xml; name = Info.plist; path = DonationApp/Info.plist; sourceTree = "<group>"; };
		13B07FB71A68108700A75B9A /* main.m */ = {isa = PBXFileReference; fileEncoding = 4; lastKnownFileType = sourcecode.c.objc; name = main.m; path = DonationApp/main.m; sourceTree = "<group>"; };
		13B07FB81A68108700A75B9A /* PrivacyInfo.xcprivacy */ = {isa = PBXFileReference; fileEncoding = 4; lastKnownFileType = text.plist.xml; name = PrivacyInfo.xcprivacy; path = DonationApp/PrivacyInfo.xcprivacy; sourceTree = "<group>"; };
		1B95D9165C434C7FB7723F19 /* Inter_24pt-ThinItalic.ttf */ = {isa = PBXFileReference; explicitFileType = undefined; fileEncoding = 9; includeInIndex = 0; lastKnownFileType = unknown; name = "Inter_24pt-ThinItalic.ttf"; path = "../assets/fonts/Inter_24pt-ThinItalic.ttf"; sourceTree = "<group>"; };
		224AC72FFAC24A72828E47B5 /* Inter_18pt-ExtraBold.ttf */ = {isa = PBXFileReference; explicitFileType = undefined; fileEncoding = 9; includeInIndex = 0; lastKnownFileType = unknown; name = "Inter_18pt-ExtraBold.ttf"; path = "../assets/fonts/Inter_18pt-ExtraBold.ttf"; sourceTree = "<group>"; };
		2628B67F12F14DD2B8DC86CA /* Inter_24pt-ExtraLightItalic.ttf */ = {isa = PBXFileReference; explicitFileType = undefined; fileEncoding = 9; includeInIndex = 0; lastKnownFileType = unknown; name = "Inter_24pt-ExtraLightItalic.ttf"; path = "../assets/fonts/Inter_24pt-ExtraLightItalic.ttf"; sourceTree = "<group>"; };
		2BB94EB103F649D39B77F4DC /* Inter_18pt-Medium.ttf */ = {isa = PBXFileReference; explicitFileType = undefined; fileEncoding = 9; includeInIndex = 0; lastKnownFileType = unknown; name = "Inter_18pt-Medium.ttf"; path = "../assets/fonts/Inter_18pt-Medium.ttf"; sourceTree = "<group>"; };
		2E1E325F7D444D73A47FA976 /* Inter_18pt-Italic.ttf */ = {isa = PBXFileReference; explicitFileType = undefined; fileEncoding = 9; includeInIndex = 0; lastKnownFileType = unknown; name = "Inter_18pt-Italic.ttf"; path = "../assets/fonts/Inter_18pt-Italic.ttf"; sourceTree = "<group>"; };
		350680306A874080ABE2EAA5 /* Inter_28pt-Thin.ttf */ = {isa = PBXFileReference; explicitFileType = undefined; fileEncoding = 9; includeInIndex = 0; lastKnownFileType = unknown; name = "Inter_28pt-Thin.ttf"; path = "../assets/fonts/Inter_28pt-Thin.ttf"; sourceTree = "<group>"; };
		37930672E54F4AC088B591C3 /* Inter_24pt-ExtraBold.ttf */ = {isa = PBXFileReference; explicitFileType = undefined; fileEncoding = 9; includeInIndex = 0; lastKnownFileType = unknown; name = "Inter_24pt-ExtraBold.ttf"; path = "../assets/fonts/Inter_24pt-ExtraBold.ttf"; sourceTree = "<group>"; };
		3F030CDCAF7A7648F6C836D9 /* Pods-DonationAppTests.debug.xcconfig */ = {isa = PBXFileReference; includeInIndex = 1; lastKnownFileType = text.xcconfig; name = "Pods-DonationAppTests.debug.xcconfig"; path = "Target Support Files/Pods-DonationAppTests/Pods-DonationAppTests.debug.xcconfig"; sourceTree = "<group>"; };
		4590EA5E4EEBFB7BB8B6BD93 /* Pods_DonationAppTests.framework */ = {isa = PBXFileReference; explicitFileType = wrapper.framework; includeInIndex = 0; path = Pods_DonationAppTests.framework; sourceTree = BUILT_PRODUCTS_DIR; };
		4C87905E531549E1B1990FFA /* Inter_28pt-MediumItalic.ttf */ = {isa = PBXFileReference; explicitFileType = undefined; fileEncoding = 9; includeInIndex = 0; lastKnownFileType = unknown; name = "Inter_28pt-MediumItalic.ttf"; path = "../assets/fonts/Inter_28pt-MediumItalic.ttf"; sourceTree = "<group>"; };
		4ED0838E11114C9F8C4D2726 /* Inter_28pt-LightItalic.ttf */ = {isa = PBXFileReference; explicitFileType = undefined; fileEncoding = 9; includeInIndex = 0; lastKnownFileType = unknown; name = "Inter_28pt-LightItalic.ttf"; path = "../assets/fonts/Inter_28pt-LightItalic.ttf"; sourceTree = "<group>"; };
		5081B79C609C44A7BB85C14B /* Inter_28pt-Bold.ttf */ = {isa = PBXFileReference; explicitFileType = undefined; fileEncoding = 9; includeInIndex = 0; lastKnownFileType = unknown; name = "Inter_28pt-Bold.ttf"; path = "../assets/fonts/Inter_28pt-Bold.ttf"; sourceTree = "<group>"; };
		53F676DE034547B990E74118 /* Inter_28pt-ExtraBoldItalic.ttf */ = {isa = PBXFileReference; explicitFileType = undefined; fileEncoding = 9; includeInIndex = 0; lastKnownFileType = unknown; name = "Inter_28pt-ExtraBoldItalic.ttf"; path = "../assets/fonts/Inter_28pt-ExtraBoldItalic.ttf"; sourceTree = "<group>"; };
		5445F836931E4544844313E6 /* Inter_24pt-Light.ttf */ = {isa = PBXFileReference; explicitFileType = undefined; fileEncoding = 9; includeInIndex = 0; lastKnownFileType = unknown; name = "Inter_24pt-Light.ttf"; path = "../assets/fonts/Inter_24pt-Light.ttf"; sourceTree = "<group>"; };
		55CCA58D523848C5A2134431 /* Inter_24pt-Black.ttf */ = {isa = PBXFileReference; explicitFileType = undefined; fileEncoding = 9; includeInIndex = 0; lastKnownFileType = unknown; name = "Inter_24pt-Black.ttf"; path = "../assets/fonts/Inter_24pt-Black.ttf"; sourceTree = "<group>"; };
		57C4264ADA6E46078E494135 /* Inter_28pt-Light.ttf */ = {isa = PBXFileReference; explicitFileType = undefined; fileEncoding = 9; includeInIndex = 0; lastKnownFileType = unknown; name = "Inter_28pt-Light.ttf"; path = "../assets/fonts/Inter_28pt-Light.ttf"; sourceTree = "<group>"; };
		58B423EA57C844C081005BAF /* Inter_18pt-SemiBold.ttf */ = {isa = PBXFileReference; explicitFileType = undefined; fileEncoding = 9; includeInIndex = 0; lastKnownFileType = unknown; name = "Inter_18pt-SemiBold.ttf"; path = "../assets/fonts/Inter_18pt-SemiBold.ttf"; sourceTree = "<group>"; };
		5AFDFF89CAB14E409852A299 /* Inter_24pt-BoldItalic.ttf */ = {isa = PBXFileReference; explicitFileType = undefined; fileEncoding = 9; includeInIndex = 0; lastKnownFileType = unknown; name = "Inter_24pt-BoldItalic.ttf"; path = "../assets/fonts/Inter_24pt-BoldItalic.ttf"; sourceTree = "<group>"; };
		5E3F385B2FF64500A8BC7706 /* Inter_24pt-Regular.ttf */ = {isa = PBXFileReference; explicitFileType = undefined; fileEncoding = 9; includeInIndex = 0; lastKnownFileType = unknown; name = "Inter_24pt-Regular.ttf"; path = "../assets/fonts/Inter_24pt-Regular.ttf"; sourceTree = "<group>"; };
		687D79B06F4C459DA5FDEFC3 /* Inter_24pt-Bold.ttf */ = {isa = PBXFileReference; explicitFileType = undefined; fileEncoding = 9; includeInIndex = 0; lastKnownFileType = unknown; name = "Inter_24pt-Bold.ttf"; path = "../assets/fonts/Inter_24pt-Bold.ttf"; sourceTree = "<group>"; };
		6B6E0C42FD534355A5CD8837 /* Inter_24pt-SemiBold.ttf */ = {isa = PBXFileReference; explicitFileType = undefined; fileEncoding = 9; includeInIndex = 0; lastKnownFileType = unknown; name = "Inter_24pt-SemiBold.ttf"; path = "../assets/fonts/Inter_24pt-SemiBold.ttf"; sourceTree = "<group>"; };
		6F2ED26B5BEA48D6BBEF1841 /* Inter_18pt-ThinItalic.ttf */ = {isa = PBXFileReference; explicitFileType = undefined; fileEncoding = 9; includeInIndex = 0; lastKnownFileType = unknown; name = "Inter_18pt-ThinItalic.ttf"; path = "../assets/fonts/Inter_18pt-ThinItalic.ttf"; sourceTree = "<group>"; };
		73AAAA072F1045079612CB4F /* Inter_24pt-BlackItalic.ttf */ = {isa = PBXFileReference; explicitFileType = undefined; fileEncoding = 9; includeInIndex = 0; lastKnownFileType = unknown; name = "Inter_24pt-BlackItalic.ttf"; path = "../assets/fonts/Inter_24pt-BlackItalic.ttf"; sourceTree = "<group>"; };
		749DCD352266464984B8F452 /* Inter_24pt-Italic.ttf */ = {isa = PBXFileReference; explicitFileType = undefined; fileEncoding = 9; includeInIndex = 0; lastKnownFileType = unknown; name = "Inter_24pt-Italic.ttf"; path = "../assets/fonts/Inter_24pt-Italic.ttf"; sourceTree = "<group>"; };
		74DBA213B3E744619ED7D523 /* Inter_18pt-ExtraLightItalic.ttf */ = {isa = PBXFileReference; explicitFileType = undefined; fileEncoding = 9; includeInIndex = 0; lastKnownFileType = unknown; name = "Inter_18pt-ExtraLightItalic.ttf"; path = "../assets/fonts/Inter_18pt-ExtraLightItalic.ttf"; sourceTree = "<group>"; };
		756BAC542CC210B10005E385 /* GoogleService-Info.plist */ = {isa = PBXFileReference; fileEncoding = 4; lastKnownFileType = text.plist.xml; path = "GoogleService-Info.plist"; sourceTree = "<group>"; };
		7B9EFE3D0C66482E9A5E2266 /* Inter_24pt-SemiBoldItalic.ttf */ = {isa = PBXFileReference; explicitFileType = undefined; fileEncoding = 9; includeInIndex = 0; lastKnownFileType = unknown; name = "Inter_24pt-SemiBoldItalic.ttf"; path = "../assets/fonts/Inter_24pt-SemiBoldItalic.ttf"; sourceTree = "<group>"; };
		81AB9BB72411601600AC10FF /* LaunchScreen.storyboard */ = {isa = PBXFileReference; fileEncoding = 4; lastKnownFileType = file.storyboard; name = LaunchScreen.storyboard; path = DonationApp/LaunchScreen.storyboard; sourceTree = "<group>"; };
		8268FEF86ADA4CC5BDCB56D1 /* Inter_18pt-SemiBoldItalic.ttf */ = {isa = PBXFileReference; explicitFileType = undefined; fileEncoding = 9; includeInIndex = 0; lastKnownFileType = unknown; name = "Inter_18pt-SemiBoldItalic.ttf"; path = "../assets/fonts/Inter_18pt-SemiBoldItalic.ttf"; sourceTree = "<group>"; };
		82DC2098979542EFAB62B508 /* Inter_28pt-Black.ttf */ = {isa = PBXFileReference; explicitFileType = undefined; fileEncoding = 9; includeInIndex = 0; lastKnownFileType = unknown; name = "Inter_28pt-Black.ttf"; path = "../assets/fonts/Inter_28pt-Black.ttf"; sourceTree = "<group>"; };
		836B749096804D378E069490 /* Inter_28pt-Italic.ttf */ = {isa = PBXFileReference; explicitFileType = undefined; fileEncoding = 9; includeInIndex = 0; lastKnownFileType = unknown; name = "Inter_28pt-Italic.ttf"; path = "../assets/fonts/Inter_28pt-Italic.ttf"; sourceTree = "<group>"; };
		939E180291BB469C82EC6F7A /* Inter_28pt-SemiBold.ttf */ = {isa = PBXFileReference; explicitFileType = undefined; fileEncoding = 9; includeInIndex = 0; lastKnownFileType = unknown; name = "Inter_28pt-SemiBold.ttf"; path = "../assets/fonts/Inter_28pt-SemiBold.ttf"; sourceTree = "<group>"; };
		95561FF4F267484B8F9F6DB2 /* Inter_24pt-ExtraBoldItalic.ttf */ = {isa = PBXFileReference; explicitFileType = undefined; fileEncoding = 9; includeInIndex = 0; lastKnownFileType = unknown; name = "Inter_24pt-ExtraBoldItalic.ttf"; path = "../assets/fonts/Inter_24pt-ExtraBoldItalic.ttf"; sourceTree = "<group>"; };
		9EC4BFACAEE94685AD9F61EE /* Inter_24pt-LightItalic.ttf */ = {isa = PBXFileReference; explicitFileType = undefined; fileEncoding = 9; includeInIndex = 0; lastKnownFileType = unknown; name = "Inter_24pt-LightItalic.ttf"; path = "../assets/fonts/Inter_24pt-LightItalic.ttf"; sourceTree = "<group>"; };
		A53A9B58A7124F79BDAC1BD4 /* Inter_28pt-ExtraLight.ttf */ = {isa = PBXFileReference; explicitFileType = undefined; fileEncoding = 9; includeInIndex = 0; lastKnownFileType = unknown; name = "Inter_28pt-ExtraLight.ttf"; path = "../assets/fonts/Inter_28pt-ExtraLight.ttf"; sourceTree = "<group>"; };
		A6EF87B9AD034315BE80D6EC /* Inter_18pt-ExtraLight.ttf */ = {isa = PBXFileReference; explicitFileType = undefined; fileEncoding = 9; includeInIndex = 0; lastKnownFileType = unknown; name = "Inter_18pt-ExtraLight.ttf"; path = "../assets/fonts/Inter_18pt-ExtraLight.ttf"; sourceTree = "<group>"; };
		A8C80DE3982540B7B67C166D /* Inter_18pt-MediumItalic.ttf */ = {isa = PBXFileReference; explicitFileType = undefined; fileEncoding = 9; includeInIndex = 0; lastKnownFileType = unknown; name = "Inter_18pt-MediumItalic.ttf"; path = "../assets/fonts/Inter_18pt-MediumItalic.ttf"; sourceTree = "<group>"; };
		A8E8CDC8D111403BBD59A71E /* Inter_18pt-BoldItalic.ttf */ = {isa = PBXFileReference; explicitFileType = undefined; fileEncoding = 9; includeInIndex = 0; lastKnownFileType = unknown; name = "Inter_18pt-BoldItalic.ttf"; path = "../assets/fonts/Inter_18pt-BoldItalic.ttf"; sourceTree = "<group>"; };
		AAFE330F001144CFBA92B3FC /* Inter_28pt-BlackItalic.ttf */ = {isa = PBXFileReference; explicitFileType = undefined; fileEncoding = 9; includeInIndex = 0; lastKnownFileType = unknown; name = "Inter_28pt-BlackItalic.ttf"; path = "../assets/fonts/Inter_28pt-BlackItalic.ttf"; sourceTree = "<group>"; };
		ADA605D0084F671462100A51 /* Pods-DonationAppTests.release.xcconfig */ = {isa = PBXFileReference; includeInIndex = 1; lastKnownFileType = text.xcconfig; name = "Pods-DonationAppTests.release.xcconfig"; path = "Target Support Files/Pods-DonationAppTests/Pods-DonationAppTests.release.xcconfig"; sourceTree = "<group>"; };
		B21E7E3A86EA4ED2A898F534 /* Inter_24pt-Medium.ttf */ = {isa = PBXFileReference; explicitFileType = undefined; fileEncoding = 9; includeInIndex = 0; lastKnownFileType = unknown; name = "Inter_24pt-Medium.ttf"; path = "../assets/fonts/Inter_24pt-Medium.ttf"; sourceTree = "<group>"; };
		B354A90488AEA6799D4268CF /* Pods-DonationApp.release.xcconfig */ = {isa = PBXFileReference; includeInIndex = 1; lastKnownFileType = text.xcconfig; name = "Pods-DonationApp.release.xcconfig"; path = "Target Support Files/Pods-DonationApp/Pods-DonationApp.release.xcconfig"; sourceTree = "<group>"; };
		C4B3D5AB8697441FA06B76D1 /* Inter_18pt-BlackItalic.ttf */ = {isa = PBXFileReference; explicitFileType = undefined; fileEncoding = 9; includeInIndex = 0; lastKnownFileType = unknown; name = "Inter_18pt-BlackItalic.ttf"; path = "../assets/fonts/Inter_18pt-BlackItalic.ttf"; sourceTree = "<group>"; };
		C6AB724FD97E408AB8227288 /* Inter_18pt-Black.ttf */ = {isa = PBXFileReference; explicitFileType = undefined; fileEncoding = 9; includeInIndex = 0; lastKnownFileType = unknown; name = "Inter_18pt-Black.ttf"; path = "../assets/fonts/Inter_18pt-Black.ttf"; sourceTree = "<group>"; };
		CB94932ACE1A48038423A8BE /* Inter_28pt-ExtraLightItalic.ttf */ = {isa = PBXFileReference; explicitFileType = undefined; fileEncoding = 9; includeInIndex = 0; lastKnownFileType = unknown; name = "Inter_28pt-ExtraLightItalic.ttf"; path = "../assets/fonts/Inter_28pt-ExtraLightItalic.ttf"; sourceTree = "<group>"; };
		CDE7BE950A764986B8C0AF90 /* Inter_28pt-ExtraBold.ttf */ = {isa = PBXFileReference; explicitFileType = undefined; fileEncoding = 9; includeInIndex = 0; lastKnownFileType = unknown; name = "Inter_28pt-ExtraBold.ttf"; path = "../assets/fonts/Inter_28pt-ExtraBold.ttf"; sourceTree = "<group>"; };
		D51CFB28C4BB4F3EAC053E1F /* Inter_18pt-Regular.ttf */ = {isa = PBXFileReference; explicitFileType = undefined; fileEncoding = 9; includeInIndex = 0; lastKnownFileType = unknown; name = "Inter_18pt-Regular.ttf"; path = "../assets/fonts/Inter_18pt-Regular.ttf"; sourceTree = "<group>"; };
		DAC85B1BFFE54C6AB25597C1 /* Inter_28pt-Regular.ttf */ = {isa = PBXFileReference; explicitFileType = undefined; fileEncoding = 9; includeInIndex = 0; lastKnownFileType = unknown; name = "Inter_28pt-Regular.ttf"; path = "../assets/fonts/Inter_28pt-Regular.ttf"; sourceTree = "<group>"; };
		DC969757F5BC4CBC91F593B7 /* Inter_24pt-Thin.ttf */ = {isa = PBXFileReference; explicitFileType = undefined; fileEncoding = 9; includeInIndex = 0; lastKnownFileType = unknown; name = "Inter_24pt-Thin.ttf"; path = "../assets/fonts/Inter_24pt-Thin.ttf"; sourceTree = "<group>"; };
		DCB7A3BC80AC4E30820F1255 /* Inter_28pt-ThinItalic.ttf */ = {isa = PBXFileReference; explicitFileType = undefined; fileEncoding = 9; includeInIndex = 0; lastKnownFileType = unknown; name = "Inter_28pt-ThinItalic.ttf"; path = "../assets/fonts/Inter_28pt-ThinItalic.ttf"; sourceTree = "<group>"; };
		E018B29D8FB74E65BDA277CC /* Inter_18pt-Bold.ttf */ = {isa = PBXFileReference; explicitFileType = undefined; fileEncoding = 9; includeInIndex = 0; lastKnownFileType = unknown; name = "Inter_18pt-Bold.ttf"; path = "../assets/fonts/Inter_18pt-Bold.ttf"; sourceTree = "<group>"; };
		E10EFCE4E284A5E8D40296B1 /* Pods_DonationApp.framework */ = {isa = PBXFileReference; explicitFileType = wrapper.framework; includeInIndex = 0; path = Pods_DonationApp.framework; sourceTree = BUILT_PRODUCTS_DIR; };
		E2B1CBDA0255444AA17771EF /* Inter_28pt-BoldItalic.ttf */ = {isa = PBXFileReference; explicitFileType = undefined; fileEncoding = 9; includeInIndex = 0; lastKnownFileType = unknown; name = "Inter_28pt-BoldItalic.ttf"; path = "../assets/fonts/Inter_28pt-BoldItalic.ttf"; sourceTree = "<group>"; };
		EA9880169C574B579D1BC04A /* Inter_18pt-ExtraBoldItalic.ttf */ = {isa = PBXFileReference; explicitFileType = undefined; fileEncoding = 9; includeInIndex = 0; lastKnownFileType = unknown; name = "Inter_18pt-ExtraBoldItalic.ttf"; path = "../assets/fonts/Inter_18pt-ExtraBoldItalic.ttf"; sourceTree = "<group>"; };
		ED297162215061F000B7C4FE /* JavaScriptCore.framework */ = {isa = PBXFileReference; lastKnownFileType = wrapper.framework; name = JavaScriptCore.framework; path = System/Library/Frameworks/JavaScriptCore.framework; sourceTree = SDKROOT; };
		F24574A0CDB64B34A234F5A9 /* PrivacyInfo.xcprivacy */ = {isa = PBXFileReference; includeInIndex = 1; lastKnownFileType = text.xml; name = PrivacyInfo.xcprivacy; path = DonationApp/PrivacyInfo.xcprivacy; sourceTree = "<group>"; };
		F3CAF71547AA46F7A64EB467 /* Inter_28pt-SemiBoldItalic.ttf */ = {isa = PBXFileReference; explicitFileType = undefined; fileEncoding = 9; includeInIndex = 0; lastKnownFileType = unknown; name = "Inter_28pt-SemiBoldItalic.ttf"; path = "../assets/fonts/Inter_28pt-SemiBoldItalic.ttf"; sourceTree = "<group>"; };
		F632E549BF3345B99D6E1278 /* Inter_18pt-LightItalic.ttf */ = {isa = PBXFileReference; explicitFileType = undefined; fileEncoding = 9; includeInIndex = 0; lastKnownFileType = unknown; name = "Inter_18pt-LightItalic.ttf"; path = "../assets/fonts/Inter_18pt-LightItalic.ttf"; sourceTree = "<group>"; };
		F92BD18436284C9581F32B66 /* Inter_24pt-ExtraLight.ttf */ = {isa = PBXFileReference; explicitFileType = undefined; fileEncoding = 9; includeInIndex = 0; lastKnownFileType = unknown; name = "Inter_24pt-ExtraLight.ttf"; path = "../assets/fonts/Inter_24pt-ExtraLight.ttf"; sourceTree = "<group>"; };
/* End PBXFileReference section */

/* Begin PBXFrameworksBuildPhase section */
		00E356EB1AD99517003FC87E /* Frameworks */ = {
			isa = PBXFrameworksBuildPhase;
			buildActionMask = 2147483647;
			files = (
				1E2FCC7A2E1A7015FC5AA9FA /* Pods_DonationAppTests.framework in Frameworks */,
			);
			runOnlyForDeploymentPostprocessing = 0;
		};
		13B07F8C1A680F5B00A75B9A /* Frameworks */ = {
			isa = PBXFrameworksBuildPhase;
			buildActionMask = 2147483647;
			files = (
				184AE0F1D5491048B65A532B /* Pods_DonationApp.framework in Frameworks */,
			);
			runOnlyForDeploymentPostprocessing = 0;
		};
/* End PBXFrameworksBuildPhase section */

/* Begin PBXGroup section */
		00E356EF1AD99517003FC87E /* DonationAppTests */ = {
			isa = PBXGroup;
			children = (
				00E356F21AD99517003FC87E /* DonationAppTests.m */,
				00E356F01AD99517003FC87E /* Supporting Files */,
			);
			path = DonationAppTests;
			sourceTree = "<group>";
		};
		00E356F01AD99517003FC87E /* Supporting Files */ = {
			isa = PBXGroup;
			children = (
				00E356F11AD99517003FC87E /* Info.plist */,
			);
			name = "Supporting Files";
			sourceTree = "<group>";
		};
		13B07FAE1A68108700A75B9A /* DonationApp */ = {
			isa = PBXGroup;
			children = (
				13B07FAF1A68108700A75B9A /* AppDelegate.h */,
				13B07FB01A68108700A75B9A /* AppDelegate.mm */,
				13B07FB51A68108700A75B9A /* Images.xcassets */,
				13B07FB61A68108700A75B9A /* Info.plist */,
				81AB9BB72411601600AC10FF /* LaunchScreen.storyboard */,
				13B07FB71A68108700A75B9A /* main.m */,
				13B07FB81A68108700A75B9A /* PrivacyInfo.xcprivacy */,
				F24574A0CDB64B34A234F5A9 /* PrivacyInfo.xcprivacy */,
			);
			name = DonationApp;
			sourceTree = "<group>";
		};
		198A8A17D4E24EA2A2C92A2D /* Resources */ = {
			isa = PBXGroup;
			children = (
				C6AB724FD97E408AB8227288 /* Inter_18pt-Black.ttf */,
				C4B3D5AB8697441FA06B76D1 /* Inter_18pt-BlackItalic.ttf */,
				E018B29D8FB74E65BDA277CC /* Inter_18pt-Bold.ttf */,
				A8E8CDC8D111403BBD59A71E /* Inter_18pt-BoldItalic.ttf */,
				224AC72FFAC24A72828E47B5 /* Inter_18pt-ExtraBold.ttf */,
				EA9880169C574B579D1BC04A /* Inter_18pt-ExtraBoldItalic.ttf */,
				A6EF87B9AD034315BE80D6EC /* Inter_18pt-ExtraLight.ttf */,
				74DBA213B3E744619ED7D523 /* Inter_18pt-ExtraLightItalic.ttf */,
				2E1E325F7D444D73A47FA976 /* Inter_18pt-Italic.ttf */,
				13294F60012246E28D89A30C /* Inter_18pt-Light.ttf */,
				F632E549BF3345B99D6E1278 /* Inter_18pt-LightItalic.ttf */,
				2BB94EB103F649D39B77F4DC /* Inter_18pt-Medium.ttf */,
				A8C80DE3982540B7B67C166D /* Inter_18pt-MediumItalic.ttf */,
				D51CFB28C4BB4F3EAC053E1F /* Inter_18pt-Regular.ttf */,
				58B423EA57C844C081005BAF /* Inter_18pt-SemiBold.ttf */,
				8268FEF86ADA4CC5BDCB56D1 /* Inter_18pt-SemiBoldItalic.ttf */,
				11749AA26DC146A990B326D9 /* Inter_18pt-Thin.ttf */,
				6F2ED26B5BEA48D6BBEF1841 /* Inter_18pt-ThinItalic.ttf */,
				55CCA58D523848C5A2134431 /* Inter_24pt-Black.ttf */,
				73AAAA072F1045079612CB4F /* Inter_24pt-BlackItalic.ttf */,
				687D79B06F4C459DA5FDEFC3 /* Inter_24pt-Bold.ttf */,
				5AFDFF89CAB14E409852A299 /* Inter_24pt-BoldItalic.ttf */,
				37930672E54F4AC088B591C3 /* Inter_24pt-ExtraBold.ttf */,
				95561FF4F267484B8F9F6DB2 /* Inter_24pt-ExtraBoldItalic.ttf */,
				F92BD18436284C9581F32B66 /* Inter_24pt-ExtraLight.ttf */,
				2628B67F12F14DD2B8DC86CA /* Inter_24pt-ExtraLightItalic.ttf */,
				749DCD352266464984B8F452 /* Inter_24pt-Italic.ttf */,
				5445F836931E4544844313E6 /* Inter_24pt-Light.ttf */,
				9EC4BFACAEE94685AD9F61EE /* Inter_24pt-LightItalic.ttf */,
				B21E7E3A86EA4ED2A898F534 /* Inter_24pt-Medium.ttf */,
				135305DF18E4421CB9D60C7A /* Inter_24pt-MediumItalic.ttf */,
				5E3F385B2FF64500A8BC7706 /* Inter_24pt-Regular.ttf */,
				6B6E0C42FD534355A5CD8837 /* Inter_24pt-SemiBold.ttf */,
				7B9EFE3D0C66482E9A5E2266 /* Inter_24pt-SemiBoldItalic.ttf */,
				DC969757F5BC4CBC91F593B7 /* Inter_24pt-Thin.ttf */,
				1B95D9165C434C7FB7723F19 /* Inter_24pt-ThinItalic.ttf */,
				82DC2098979542EFAB62B508 /* Inter_28pt-Black.ttf */,
				AAFE330F001144CFBA92B3FC /* Inter_28pt-BlackItalic.ttf */,
				5081B79C609C44A7BB85C14B /* Inter_28pt-Bold.ttf */,
				E2B1CBDA0255444AA17771EF /* Inter_28pt-BoldItalic.ttf */,
				CDE7BE950A764986B8C0AF90 /* Inter_28pt-ExtraBold.ttf */,
				53F676DE034547B990E74118 /* Inter_28pt-ExtraBoldItalic.ttf */,
				A53A9B58A7124F79BDAC1BD4 /* Inter_28pt-ExtraLight.ttf */,
				CB94932ACE1A48038423A8BE /* Inter_28pt-ExtraLightItalic.ttf */,
				836B749096804D378E069490 /* Inter_28pt-Italic.ttf */,
				57C4264ADA6E46078E494135 /* Inter_28pt-Light.ttf */,
				4ED0838E11114C9F8C4D2726 /* Inter_28pt-LightItalic.ttf */,
				0CFD3691119C4695B870D263 /* Inter_28pt-Medium.ttf */,
				4C87905E531549E1B1990FFA /* Inter_28pt-MediumItalic.ttf */,
				DAC85B1BFFE54C6AB25597C1 /* Inter_28pt-Regular.ttf */,
				939E180291BB469C82EC6F7A /* Inter_28pt-SemiBold.ttf */,
				F3CAF71547AA46F7A64EB467 /* Inter_28pt-SemiBoldItalic.ttf */,
				350680306A874080ABE2EAA5 /* Inter_28pt-Thin.ttf */,
				DCB7A3BC80AC4E30820F1255 /* Inter_28pt-ThinItalic.ttf */,
			);
			name = Resources;
			sourceTree = "<group>";
		};
		2D16E6871FA4F8E400B85C8A /* Frameworks */ = {
			isa = PBXGroup;
			children = (
				ED297162215061F000B7C4FE /* JavaScriptCore.framework */,
				E10EFCE4E284A5E8D40296B1 /* Pods_DonationApp.framework */,
				4590EA5E4EEBFB7BB8B6BD93 /* Pods_DonationAppTests.framework */,
			);
			name = Frameworks;
			sourceTree = "<group>";
		};
		832341AE1AAA6A7D00B99B32 /* Libraries */ = {
			isa = PBXGroup;
			children = (
			);
			name = Libraries;
			sourceTree = "<group>";
		};
		83CBB9F61A601CBA00E9B192 = {
			isa = PBXGroup;
			children = (
				756BAC542CC210B10005E385 /* GoogleService-Info.plist */,
				13B07FAE1A68108700A75B9A /* DonationApp */,
				832341AE1AAA6A7D00B99B32 /* Libraries */,
				00E356EF1AD99517003FC87E /* DonationAppTests */,
				83CBBA001A601CBA00E9B192 /* Products */,
				2D16E6871FA4F8E400B85C8A /* Frameworks */,
				BBD78D7AC51CEA395F1C20DB /* Pods */,
				198A8A17D4E24EA2A2C92A2D /* Resources */,
			);
			indentWidth = 2;
			sourceTree = "<group>";
			tabWidth = 2;
			usesTabs = 0;
		};
		83CBBA001A601CBA00E9B192 /* Products */ = {
			isa = PBXGroup;
			children = (
				13B07F961A680F5B00A75B9A /* DonationApp.app */,
				00E356EE1AD99517003FC87E /* DonationAppTests.xctest */,
			);
			name = Products;
			sourceTree = "<group>";
		};
		BBD78D7AC51CEA395F1C20DB /* Pods */ = {
			isa = PBXGroup;
			children = (
				122B9D24E9F9BC64A3DF4457 /* Pods-DonationApp.debug.xcconfig */,
				B354A90488AEA6799D4268CF /* Pods-DonationApp.release.xcconfig */,
				3F030CDCAF7A7648F6C836D9 /* Pods-DonationAppTests.debug.xcconfig */,
				ADA605D0084F671462100A51 /* Pods-DonationAppTests.release.xcconfig */,
			);
			path = Pods;
			sourceTree = "<group>";
		};
/* End PBXGroup section */

/* Begin PBXNativeTarget section */
		00E356ED1AD99517003FC87E /* DonationAppTests */ = {
			isa = PBXNativeTarget;
			buildConfigurationList = 00E357021AD99517003FC87E /* Build configuration list for PBXNativeTarget "DonationAppTests" */;
			buildPhases = (
				89AFF551D2F8307AF98F15A9 /* [CP] Check Pods Manifest.lock */,
				00E356EA1AD99517003FC87E /* Sources */,
				00E356EB1AD99517003FC87E /* Frameworks */,
				00E356EC1AD99517003FC87E /* Resources */,
			);
			buildRules = (
			);
			dependencies = (
				00E356F51AD99517003FC87E /* PBXTargetDependency */,
			);
			name = DonationAppTests;
			productName = DonationAppTests;
			productReference = 00E356EE1AD99517003FC87E /* DonationAppTests.xctest */;
			productType = "com.apple.product-type.bundle.unit-test";
		};
		13B07F861A680F5B00A75B9A /* DonationApp */ = {
			isa = PBXNativeTarget;
			buildConfigurationList = 13B07F931A680F5B00A75B9A /* Build configuration list for PBXNativeTarget "DonationApp" */;
			buildPhases = (
				0769D0394A81AD7D913F35A7 /* [CP] Check Pods Manifest.lock */,
				13B07F871A680F5B00A75B9A /* Sources */,
				13B07F8C1A680F5B00A75B9A /* Frameworks */,
				13B07F8E1A680F5B00A75B9A /* Resources */,
				00DD1BFF1BD5951E006B06BC /* Bundle React Native code and images */,
			);
			buildRules = (
			);
			dependencies = (
			);
			name = DonationApp;
			productName = DonationApp;
			productReference = 13B07F961A680F5B00A75B9A /* DonationApp.app */;
			productType = "com.apple.product-type.application";
		};
/* End PBXNativeTarget section */

/* Begin PBXProject section */
		83CBB9F71A601CBA00E9B192 /* Project object */ = {
			isa = PBXProject;
			attributes = {
				LastUpgradeCheck = 1210;
				TargetAttributes = {
					00E356ED1AD99517003FC87E = {
						CreatedOnToolsVersion = 6.2;
						TestTargetID = 13B07F861A680F5B00A75B9A;
					};
					13B07F861A680F5B00A75B9A = {
						LastSwiftMigration = 1120;
					};
				};
			};
			buildConfigurationList = 83CBB9FA1A601CBA00E9B192 /* Build configuration list for PBXProject "DonationApp" */;
			compatibilityVersion = "Xcode 12.0";
			developmentRegion = en;
			hasScannedForEncodings = 0;
			knownRegions = (
				en,
				Base,
			);
			mainGroup = 83CBB9F61A601CBA00E9B192;
			productRefGroup = 83CBBA001A601CBA00E9B192 /* Products */;
			projectDirPath = "";
			projectRoot = "";
			targets = (
				13B07F861A680F5B00A75B9A /* DonationApp */,
				00E356ED1AD99517003FC87E /* DonationAppTests */,
			);
		};
/* End PBXProject section */

/* Begin PBXResourcesBuildPhase section */
		00E356EC1AD99517003FC87E /* Resources */ = {
			isa = PBXResourcesBuildPhase;
			buildActionMask = 2147483647;
			files = (
			);
			runOnlyForDeploymentPostprocessing = 0;
		};
		13B07F8E1A680F5B00A75B9A /* Resources */ = {
			isa = PBXResourcesBuildPhase;
			buildActionMask = 2147483647;
			files = (
				81AB9BB82411601600AC10FF /* LaunchScreen.storyboard in Resources */,
				13B07FBF1A68108700A75B9A /* Images.xcassets in Resources */,
				201725660111015AA892C6ED /* PrivacyInfo.xcprivacy in Resources */,
				76445D8146614A939C8B037F /* Inter_18pt-Black.ttf in Resources */,
				CB0A4B8F17BA41038E09E0A0 /* Inter_18pt-BlackItalic.ttf in Resources */,
				57E105042A0040EDAD87E5AA /* Inter_18pt-Bold.ttf in Resources */,
				78B30ADB427A43D6A7F616CC /* Inter_18pt-BoldItalic.ttf in Resources */,
				96F6A79E9DD246D88AFE0880 /* Inter_18pt-ExtraBold.ttf in Resources */,
				FA6238ED24E14B069C78462C /* Inter_18pt-ExtraBoldItalic.ttf in Resources */,
				41519F16689C46238F5ADE14 /* Inter_18pt-ExtraLight.ttf in Resources */,
				2675068E9D3741FBB44F8CF5 /* Inter_18pt-ExtraLightItalic.ttf in Resources */,
				7461429E80EF4C48A57EF17A /* Inter_18pt-Italic.ttf in Resources */,
				B95F30EB8AF3482990F50B73 /* Inter_18pt-Light.ttf in Resources */,
				5D21B16AE4DF428983975EBB /* Inter_18pt-LightItalic.ttf in Resources */,
				AEC579AB8E2045849917C743 /* Inter_18pt-Medium.ttf in Resources */,
				7B7B222B3DCC42038D530C47 /* Inter_18pt-MediumItalic.ttf in Resources */,
				0C8355D29C2947C2937FF4E8 /* Inter_18pt-Regular.ttf in Resources */,
				09E75B295B284587A9FDE1A6 /* Inter_18pt-SemiBold.ttf in Resources */,
				9A8445D584CF4C619411A89A /* Inter_18pt-SemiBoldItalic.ttf in Resources */,
				0433E5DE9BE54F6B8FCF451B /* Inter_18pt-Thin.ttf in Resources */,
				FFA2F838AA6D40A189939747 /* Inter_18pt-ThinItalic.ttf in Resources */,
				3DEBED1DF7714DE8AB4A1333 /* Inter_24pt-Black.ttf in Resources */,
				2E231F26FAB94C80984D46BF /* Inter_24pt-BlackItalic.ttf in Resources */,
				477E5C67CAC34E84AE1B777A /* Inter_24pt-Bold.ttf in Resources */,
				2D6453A538DB452E990196E3 /* Inter_24pt-BoldItalic.ttf in Resources */,
				326CFB29167E40DE84B83CFF /* Inter_24pt-ExtraBold.ttf in Resources */,
				8C7B5EA76F0B4FBDBB475B16 /* Inter_24pt-ExtraBoldItalic.ttf in Resources */,
				E63E851AAED7455CB0F0C5A8 /* Inter_24pt-ExtraLight.ttf in Resources */,
				874478A9D06F4199B31FEA0D /* Inter_24pt-ExtraLightItalic.ttf in Resources */,
				5EA4798314A742EBBEDD40F6 /* Inter_24pt-Italic.ttf in Resources */,
				F6503033865E4164B4717FFC /* Inter_24pt-Light.ttf in Resources */,
				50CCBE376083457AA9411763 /* Inter_24pt-LightItalic.ttf in Resources */,
				3D0F79EA47444EECB063B32B /* Inter_24pt-Medium.ttf in Resources */,
				756BAC552CC210B10005E385 /* GoogleService-Info.plist in Resources */,
				CD5CE0F73F8B4A76A7327857 /* Inter_24pt-MediumItalic.ttf in Resources */,
				DE3986FB456442F59EFE9CEF /* Inter_24pt-Regular.ttf in Resources */,
				8428948C65B34D509FAA3938 /* Inter_24pt-SemiBold.ttf in Resources */,
				EE0B86FD984D43E484268964 /* Inter_24pt-SemiBoldItalic.ttf in Resources */,
				38BD66C0B76649F3A3EFD7EF /* Inter_24pt-Thin.ttf in Resources */,
				6430B8B90AD3479D95D488F2 /* Inter_24pt-ThinItalic.ttf in Resources */,
				3C1C1DFAF4074DD6895603BD /* Inter_28pt-Black.ttf in Resources */,
				E0F28424E87D4D72A27A190A /* Inter_28pt-BlackItalic.ttf in Resources */,
				440961955E43484FA2669F2A /* Inter_28pt-Bold.ttf in Resources */,
				0D88C31549044FB984886846 /* Inter_28pt-BoldItalic.ttf in Resources */,
				23F1BC5FEE3D4AD29DD791CB /* Inter_28pt-ExtraBold.ttf in Resources */,
				E8E93DBDDED84EDD947CF7F8 /* Inter_28pt-ExtraBoldItalic.ttf in Resources */,
				9AC7EF5590BD4C61A51A8EA1 /* Inter_28pt-ExtraLight.ttf in Resources */,
				13B5262C356D4FB6AE858A64 /* Inter_28pt-ExtraLightItalic.ttf in Resources */,
				BB72EC4A88D648568FFBCD7A /* Inter_28pt-Italic.ttf in Resources */,
				41A3F98AE61144B08DAF484D /* Inter_28pt-Light.ttf in Resources */,
				3BD305DB5C5545F5BDE6E391 /* Inter_28pt-LightItalic.ttf in Resources */,
				51900C1FADE14AA1A39DD768 /* Inter_28pt-Medium.ttf in Resources */,
				218885D366684F01ACFC9938 /* Inter_28pt-MediumItalic.ttf in Resources */,
				8DDAE9B22E3E4D7784A08EA3 /* Inter_28pt-Regular.ttf in Resources */,
				5EFCCCAEEB574A60A9531078 /* Inter_28pt-SemiBold.ttf in Resources */,
				10BAD69BA7CD45F9A7561B75 /* Inter_28pt-SemiBoldItalic.ttf in Resources */,
				D9733142003249B3AD8CF7BF /* Inter_28pt-Thin.ttf in Resources */,
				3D59A6FC4C41412D9EDA3959 /* Inter_28pt-ThinItalic.ttf in Resources */,
			);
			runOnlyForDeploymentPostprocessing = 0;
		};
/* End PBXResourcesBuildPhase section */

/* Begin PBXShellScriptBuildPhase section */
		00DD1BFF1BD5951E006B06BC /* Bundle React Native code and images */ = {
			isa = PBXShellScriptBuildPhase;
			buildActionMask = 2147483647;
			files = (
			);
			inputPaths = (
				"$(SRCROOT)/.xcode.env.local",
				"$(SRCROOT)/.xcode.env",
			);
			name = "Bundle React Native code and images";
			outputPaths = (
			);
			runOnlyForDeploymentPostprocessing = 0;
			shellPath = /bin/sh;
			shellScript = "set -e\n\nWITH_ENVIRONMENT=\"$REACT_NATIVE_PATH/scripts/xcode/with-environment.sh\"\nREACT_NATIVE_XCODE=\"$REACT_NATIVE_PATH/scripts/react-native-xcode.sh\"\n\n/bin/sh -c \"$WITH_ENVIRONMENT $REACT_NATIVE_XCODE\"\n";
		};
		0769D0394A81AD7D913F35A7 /* [CP] Check Pods Manifest.lock */ = {
			isa = PBXShellScriptBuildPhase;
			buildActionMask = 2147483647;
			files = (
			);
			inputFileListPaths = (
			);
			inputPaths = (
				"${PODS_PODFILE_DIR_PATH}/Podfile.lock",
				"${PODS_ROOT}/Manifest.lock",
			);
			name = "[CP] Check Pods Manifest.lock";
			outputFileListPaths = (
			);
			outputPaths = (
				"$(DERIVED_FILE_DIR)/Pods-DonationApp-checkManifestLockResult.txt",
			);
			runOnlyForDeploymentPostprocessing = 0;
			shellPath = /bin/sh;
			shellScript = "diff \"${PODS_PODFILE_DIR_PATH}/Podfile.lock\" \"${PODS_ROOT}/Manifest.lock\" > /dev/null\nif [ $? != 0 ] ; then\n    # print error to STDERR\n    echo \"error: The sandbox is not in sync with the Podfile.lock. Run 'pod install' or update your CocoaPods installation.\" >&2\n    exit 1\nfi\n# This output is used by Xcode 'outputs' to avoid re-running this script phase.\necho \"SUCCESS\" > \"${SCRIPT_OUTPUT_FILE_0}\"\n";
			showEnvVarsInLog = 0;
		};
		89AFF551D2F8307AF98F15A9 /* [CP] Check Pods Manifest.lock */ = {
			isa = PBXShellScriptBuildPhase;
			buildActionMask = 2147483647;
			files = (
			);
			inputFileListPaths = (
			);
			inputPaths = (
				"${PODS_PODFILE_DIR_PATH}/Podfile.lock",
				"${PODS_ROOT}/Manifest.lock",
			);
			name = "[CP] Check Pods Manifest.lock";
			outputFileListPaths = (
			);
			outputPaths = (
				"$(DERIVED_FILE_DIR)/Pods-DonationAppTests-checkManifestLockResult.txt",
			);
			runOnlyForDeploymentPostprocessing = 0;
			shellPath = /bin/sh;
			shellScript = "diff \"${PODS_PODFILE_DIR_PATH}/Podfile.lock\" \"${PODS_ROOT}/Manifest.lock\" > /dev/null\nif [ $? != 0 ] ; then\n    # print error to STDERR\n    echo \"error: The sandbox is not in sync with the Podfile.lock. Run 'pod install' or update your CocoaPods installation.\" >&2\n    exit 1\nfi\n# This output is used by Xcode 'outputs' to avoid re-running this script phase.\necho \"SUCCESS\" > \"${SCRIPT_OUTPUT_FILE_0}\"\n";
			showEnvVarsInLog = 0;
		};
/* End PBXShellScriptBuildPhase section */

/* Begin PBXSourcesBuildPhase section */
		00E356EA1AD99517003FC87E /* Sources */ = {
			isa = PBXSourcesBuildPhase;
			buildActionMask = 2147483647;
			files = (
				00E356F31AD99517003FC87E /* DonationAppTests.m in Sources */,
			);
			runOnlyForDeploymentPostprocessing = 0;
		};
		13B07F871A680F5B00A75B9A /* Sources */ = {
			isa = PBXSourcesBuildPhase;
			buildActionMask = 2147483647;
			files = (
				13B07FBC1A68108700A75B9A /* AppDelegate.mm in Sources */,
				13B07FC11A68108700A75B9A /* main.m in Sources */,
			);
			runOnlyForDeploymentPostprocessing = 0;
		};
/* End PBXSourcesBuildPhase section */

/* Begin PBXTargetDependency section */
		00E356F51AD99517003FC87E /* PBXTargetDependency */ = {
			isa = PBXTargetDependency;
			target = 13B07F861A680F5B00A75B9A /* DonationApp */;
			targetProxy = 00E356F41AD99517003FC87E /* PBXContainerItemProxy */;
		};
/* End PBXTargetDependency section */

/* Begin XCBuildConfiguration section */
		00E356F61AD99517003FC87E /* Debug */ = {
			isa = XCBuildConfiguration;
			baseConfigurationReference = 3F030CDCAF7A7648F6C836D9 /* Pods-DonationAppTests.debug.xcconfig */;
			buildSettings = {
				BUNDLE_LOADER = "$(TEST_HOST)";
				GCC_PREPROCESSOR_DEFINITIONS = (
					"DEBUG=1",
					"$(inherited)",
				);
				INFOPLIST_FILE = DonationAppTests/Info.plist;
				IPHONEOS_DEPLOYMENT_TARGET = 13.4;
				LD_RUNPATH_SEARCH_PATHS = (
					"$(inherited)",
					"@executable_path/Frameworks",
					"@loader_path/Frameworks",
				);
				OTHER_LDFLAGS = (
					"-ObjC",
					"-lc++",
					"$(inherited)",
				);
				PRODUCT_BUNDLE_IDENTIFIER = "org.reactjs.native.example.$(PRODUCT_NAME:rfc1034identifier)";
				PRODUCT_NAME = "$(TARGET_NAME)";
				TEST_HOST = "$(BUILT_PRODUCTS_DIR)/DonationApp.app/DonationApp";
			};
			name = Debug;
		};
		00E356F71AD99517003FC87E /* Release */ = {
			isa = XCBuildConfiguration;
			baseConfigurationReference = ADA605D0084F671462100A51 /* Pods-DonationAppTests.release.xcconfig */;
			buildSettings = {
				BUNDLE_LOADER = "$(TEST_HOST)";
				COPY_PHASE_STRIP = NO;
				INFOPLIST_FILE = DonationAppTests/Info.plist;
				IPHONEOS_DEPLOYMENT_TARGET = 13.4;
				LD_RUNPATH_SEARCH_PATHS = (
					"$(inherited)",
					"@executable_path/Frameworks",
					"@loader_path/Frameworks",
				);
				OTHER_LDFLAGS = (
					"-ObjC",
					"-lc++",
					"$(inherited)",
				);
				PRODUCT_BUNDLE_IDENTIFIER = "org.reactjs.native.example.$(PRODUCT_NAME:rfc1034identifier)";
				PRODUCT_NAME = "$(TARGET_NAME)";
				TEST_HOST = "$(BUILT_PRODUCTS_DIR)/DonationApp.app/DonationApp";
			};
			name = Release;
		};
		13B07F941A680F5B00A75B9A /* Debug */ = {
			isa = XCBuildConfiguration;
			baseConfigurationReference = 122B9D24E9F9BC64A3DF4457 /* Pods-DonationApp.debug.xcconfig */;
			buildSettings = {
				ASSETCATALOG_COMPILER_APPICON_NAME = AppIcon;
				CLANG_ENABLE_MODULES = YES;
				CURRENT_PROJECT_VERSION = 1;
				ENABLE_BITCODE = NO;
				INFOPLIST_FILE = DonationApp/Info.plist;
				LD_RUNPATH_SEARCH_PATHS = (
					"$(inherited)",
					"@executable_path/Frameworks",
				);
				MARKETING_VERSION = 1.0;
				OTHER_LDFLAGS = (
					"$(inherited)",
					"-ObjC",
					"-lc++",
				);
				PRODUCT_BUNDLE_IDENTIFIER = "org.reactjs.native.example.$(PRODUCT_NAME:rfc1034identifier)";
				"PRODUCT_BUNDLE_IDENTIFIER[sdk=iphoneos*]" = com.DonationApp;
				PRODUCT_NAME = DonationApp;
				SWIFT_OPTIMIZATION_LEVEL = "-Onone";
				SWIFT_VERSION = 5.0;
				VERSIONING_SYSTEM = "apple-generic";
			};
			name = Debug;
		};
		13B07F951A680F5B00A75B9A /* Release */ = {
			isa = XCBuildConfiguration;
			baseConfigurationReference = B354A90488AEA6799D4268CF /* Pods-DonationApp.release.xcconfig */;
			buildSettings = {
				ASSETCATALOG_COMPILER_APPICON_NAME = AppIcon;
				CLANG_ENABLE_MODULES = YES;
				CURRENT_PROJECT_VERSION = 1;
				INFOPLIST_FILE = DonationApp/Info.plist;
				LD_RUNPATH_SEARCH_PATHS = (
					"$(inherited)",
					"@executable_path/Frameworks",
				);
				MARKETING_VERSION = 1.0;
				OTHER_LDFLAGS = (
					"$(inherited)",
					"-ObjC",
					"-lc++",
				);
				PRODUCT_BUNDLE_IDENTIFIER = "org.reactjs.native.example.$(PRODUCT_NAME:rfc1034identifier)";
				"PRODUCT_BUNDLE_IDENTIFIER[sdk=iphoneos*]" = com.DonationApp;
				PRODUCT_NAME = DonationApp;
				SWIFT_VERSION = 5.0;
				VERSIONING_SYSTEM = "apple-generic";
			};
			name = Release;
		};
		83CBBA201A601CBA00E9B192 /* Debug */ = {
			isa = XCBuildConfiguration;
			buildSettings = {
				ALWAYS_SEARCH_USER_PATHS = NO;
				CC = "";
				CLANG_ANALYZER_LOCALIZABILITY_NONLOCALIZED = YES;
				CLANG_CXX_LANGUAGE_STANDARD = "c++20";
				CLANG_CXX_LIBRARY = "libc++";
				CLANG_ENABLE_MODULES = YES;
				CLANG_ENABLE_OBJC_ARC = YES;
				CLANG_WARN_BLOCK_CAPTURE_AUTORELEASING = YES;
				CLANG_WARN_BOOL_CONVERSION = YES;
				CLANG_WARN_COMMA = YES;
				CLANG_WARN_CONSTANT_CONVERSION = YES;
				CLANG_WARN_DEPRECATED_OBJC_IMPLEMENTATIONS = YES;
				CLANG_WARN_DIRECT_OBJC_ISA_USAGE = YES_ERROR;
				CLANG_WARN_EMPTY_BODY = YES;
				CLANG_WARN_ENUM_CONVERSION = YES;
				CLANG_WARN_INFINITE_RECURSION = YES;
				CLANG_WARN_INT_CONVERSION = YES;
				CLANG_WARN_NON_LITERAL_NULL_CONVERSION = YES;
				CLANG_WARN_OBJC_IMPLICIT_RETAIN_SELF = YES;
				CLANG_WARN_OBJC_LITERAL_CONVERSION = YES;
				CLANG_WARN_OBJC_ROOT_CLASS = YES_ERROR;
				CLANG_WARN_QUOTED_INCLUDE_IN_FRAMEWORK_HEADER = YES;
				CLANG_WARN_RANGE_LOOP_ANALYSIS = YES;
				CLANG_WARN_STRICT_PROTOTYPES = YES;
				CLANG_WARN_SUSPICIOUS_MOVE = YES;
				CLANG_WARN_UNREACHABLE_CODE = YES;
				CLANG_WARN__DUPLICATE_METHOD_MATCH = YES;
				"CODE_SIGN_IDENTITY[sdk=iphoneos*]" = "iPhone Developer";
				COPY_PHASE_STRIP = NO;
				CXX = "";
				ENABLE_STRICT_OBJC_MSGSEND = YES;
				ENABLE_TESTABILITY = YES;
				"EXCLUDED_ARCHS[sdk=iphonesimulator*]" = "";
				GCC_C_LANGUAGE_STANDARD = gnu99;
				GCC_DYNAMIC_NO_PIC = NO;
				GCC_NO_COMMON_BLOCKS = YES;
				GCC_OPTIMIZATION_LEVEL = 0;
				GCC_PREPROCESSOR_DEFINITIONS = (
					"DEBUG=1",
					"$(inherited)",
				);
				GCC_SYMBOLS_PRIVATE_EXTERN = NO;
				GCC_WARN_64_TO_32_BIT_CONVERSION = YES;
				GCC_WARN_ABOUT_RETURN_TYPE = YES_ERROR;
				GCC_WARN_UNDECLARED_SELECTOR = YES;
				GCC_WARN_UNINITIALIZED_AUTOS = YES_AGGRESSIVE;
				GCC_WARN_UNUSED_FUNCTION = YES;
				GCC_WARN_UNUSED_VARIABLE = YES;
				IPHONEOS_DEPLOYMENT_TARGET = 13.4;
				LD = "";
				LDPLUSPLUS = "";
				LD_RUNPATH_SEARCH_PATHS = (
					/usr/lib/swift,
					"$(inherited)",
				);
				LIBRARY_SEARCH_PATHS = (
					"\"$(SDKROOT)/usr/lib/swift\"",
					"\"$(TOOLCHAIN_DIR)/usr/lib/swift/$(PLATFORM_NAME)\"",
					"\"$(inherited)\"",
				);
				MTL_ENABLE_DEBUG_INFO = YES;
				ONLY_ACTIVE_ARCH = YES;
				OTHER_CPLUSPLUSFLAGS = (
					"$(OTHER_CFLAGS)",
					"-DFOLLY_NO_CONFIG",
					"-DFOLLY_MOBILE=1",
					"-DFOLLY_USE_LIBCPP=1",
					"-DFOLLY_CFG_NO_COROUTINES=1",
					"-DFOLLY_HAVE_CLOCK_GETTIME=1",
				);
				OTHER_LDFLAGS = "$(inherited)  ";
				REACT_NATIVE_PATH = "${PODS_ROOT}/../../node_modules/react-native";
				SDKROOT = iphoneos;
				SWIFT_ACTIVE_COMPILATION_CONDITIONS = "$(inherited) DEBUG";
				USE_HERMES = true;
			};
			name = Debug;
		};
		83CBBA211A601CBA00E9B192 /* Release */ = {
			isa = XCBuildConfiguration;
			buildSettings = {
				ALWAYS_SEARCH_USER_PATHS = NO;
				CC = "";
				CLANG_ANALYZER_LOCALIZABILITY_NONLOCALIZED = YES;
				CLANG_CXX_LANGUAGE_STANDARD = "c++20";
				CLANG_CXX_LIBRARY = "libc++";
				CLANG_ENABLE_MODULES = YES;
				CLANG_ENABLE_OBJC_ARC = YES;
				CLANG_WARN_BLOCK_CAPTURE_AUTORELEASING = YES;
				CLANG_WARN_BOOL_CONVERSION = YES;
				CLANG_WARN_COMMA = YES;
				CLANG_WARN_CONSTANT_CONVERSION = YES;
				CLANG_WARN_DEPRECATED_OBJC_IMPLEMENTATIONS = YES;
				CLANG_WARN_DIRECT_OBJC_ISA_USAGE = YES_ERROR;
				CLANG_WARN_EMPTY_BODY = YES;
				CLANG_WARN_ENUM_CONVERSION = YES;
				CLANG_WARN_INFINITE_RECURSION = YES;
				CLANG_WARN_INT_CONVERSION = YES;
				CLANG_WARN_NON_LITERAL_NULL_CONVERSION = YES;
				CLANG_WARN_OBJC_IMPLICIT_RETAIN_SELF = YES;
				CLANG_WARN_OBJC_LITERAL_CONVERSION = YES;
				CLANG_WARN_OBJC_ROOT_CLASS = YES_ERROR;
				CLANG_WARN_QUOTED_INCLUDE_IN_FRAMEWORK_HEADER = YES;
				CLANG_WARN_RANGE_LOOP_ANALYSIS = YES;
				CLANG_WARN_STRICT_PROTOTYPES = YES;
				CLANG_WARN_SUSPICIOUS_MOVE = YES;
				CLANG_WARN_UNREACHABLE_CODE = YES;
				CLANG_WARN__DUPLICATE_METHOD_MATCH = YES;
				"CODE_SIGN_IDENTITY[sdk=iphoneos*]" = "iPhone Developer";
				COPY_PHASE_STRIP = YES;
				CXX = "";
				ENABLE_NS_ASSERTIONS = NO;
				ENABLE_STRICT_OBJC_MSGSEND = YES;
				"EXCLUDED_ARCHS[sdk=iphonesimulator*]" = "";
				GCC_C_LANGUAGE_STANDARD = gnu99;
				GCC_NO_COMMON_BLOCKS = YES;
				GCC_WARN_64_TO_32_BIT_CONVERSION = YES;
				GCC_WARN_ABOUT_RETURN_TYPE = YES_ERROR;
				GCC_WARN_UNDECLARED_SELECTOR = YES;
				GCC_WARN_UNINITIALIZED_AUTOS = YES_AGGRESSIVE;
				GCC_WARN_UNUSED_FUNCTION = YES;
				GCC_WARN_UNUSED_VARIABLE = YES;
				IPHONEOS_DEPLOYMENT_TARGET = 13.4;
				LD = "";
				LDPLUSPLUS = "";
				LD_RUNPATH_SEARCH_PATHS = (
					/usr/lib/swift,
					"$(inherited)",
				);
				LIBRARY_SEARCH_PATHS = (
					"\"$(SDKROOT)/usr/lib/swift\"",
					"\"$(TOOLCHAIN_DIR)/usr/lib/swift/$(PLATFORM_NAME)\"",
					"\"$(inherited)\"",
				);
				MTL_ENABLE_DEBUG_INFO = NO;
				OTHER_CPLUSPLUSFLAGS = (
					"$(OTHER_CFLAGS)",
					"-DFOLLY_NO_CONFIG",
					"-DFOLLY_MOBILE=1",
					"-DFOLLY_USE_LIBCPP=1",
					"-DFOLLY_CFG_NO_COROUTINES=1",
					"-DFOLLY_HAVE_CLOCK_GETTIME=1",
				);
				OTHER_LDFLAGS = "$(inherited)  ";
				REACT_NATIVE_PATH = "${PODS_ROOT}/../../node_modules/react-native";
				SDKROOT = iphoneos;
				USE_HERMES = true;
				VALIDATE_PRODUCT = YES;
			};
			name = Release;
		};
/* End XCBuildConfiguration section */

/* Begin XCConfigurationList section */
		00E357021AD99517003FC87E /* Build configuration list for PBXNativeTarget "DonationAppTests" */ = {
			isa = XCConfigurationList;
			buildConfigurations = (
				00E356F61AD99517003FC87E /* Debug */,
				00E356F71AD99517003FC87E /* Release */,
			);
			defaultConfigurationIsVisible = 0;
			defaultConfigurationName = Release;
		};
		13B07F931A680F5B00A75B9A /* Build configuration list for PBXNativeTarget "DonationApp" */ = {
			isa = XCConfigurationList;
			buildConfigurations = (
				13B07F941A680F5B00A75B9A /* Debug */,
				13B07F951A680F5B00A75B9A /* Release */,
			);
			defaultConfigurationIsVisible = 0;
			defaultConfigurationName = Release;
		};
		83CBB9FA1A601CBA00E9B192 /* Build configuration list for PBXProject "DonationApp" */ = {
			isa = XCConfigurationList;
			buildConfigurations = (
				83CBBA201A601CBA00E9B192 /* Debug */,
				83CBBA211A601CBA00E9B192 /* Release */,
			);
			defaultConfigurationIsVisible = 0;
			defaultConfigurationName = Release;
		};
/* End XCConfigurationList section */
	};
	rootObject = 83CBB9F71A601CBA00E9B192 /* Project object */;
}
